
Microsoft Visual Studio Solution File, Format Version 12.00
# Visual Studio Version 16
VisualStudioVersion = 16.0.30204.135
MinimumVisualStudioVersion = 10.0.40219.1
Project("{FAE04EC0-301F-11D3-BF4B-00C04F79EFBC}") = "WSTowerApi", "WSTowerApi.csproj", "{5CC59C2E-3257-4658-9C88-AD9A751CCB59}"
EndProject
Global
	GlobalSection(SolutionConfigurationPlatforms) = preSolution
		Debug|Any CPU = Debug|Any CPU
		Release|Any CPU = Release|Any CPU
	EndGlobalSection
	GlobalSection(ProjectConfigurationPlatforms) = postSolution
		{5CC59C2E-3257-4658-9C88-AD9A751CCB59}.Debug|Any CPU.ActiveCfg = Debug|Any CPU
		{5CC59C2E-3257-4658-9C88-AD9A751CCB59}.Debug|Any CPU.Build.0 = Debug|Any CPU
		{5CC59C2E-3257-4658-9C88-AD9A751CCB59}.Release|Any CPU.ActiveCfg = Release|Any CPU
		{5CC59C2E-3257-4658-9C88-AD9A751CCB59}.Release|Any CPU.Build.0 = Release|Any CPU
	EndGlobalSection
	GlobalSection(SolutionProperties) = preSolution
		HideSolutionNode = FALSE
	EndGlobalSection
	GlobalSection(ExtensibilityGlobals) = postSolution
		SolutionGuid = {E42DC63C-E700-441A-98F6-E8AB0998569A}
	EndGlobalSection
EndGlobal
